// !$*UTF8*$!
{
	archiveVersion = 1;
	classes = {
	};
	objectVersion = 55;
	objects = {

/* Begin PBXBuildFile section */
		5704840D2851FC22007C6BA3 /* CheckCell.swift in Sources */ = {isa = PBXBuildFile; fileRef = 5704840C2851FC22007C6BA3 /* CheckCell.swift */; };
		57252979284F6B3A00AC088A /* OrderViewController.swift in Sources */ = {isa = PBXBuildFile; fileRef = 57252978284F6B3A00AC088A /* OrderViewController.swift */; };
		5725297B284F752C00AC088A /* CodeGenerator.swift in Sources */ = {isa = PBXBuildFile; fileRef = 5725297A284F752C00AC088A /* CodeGenerator.swift */; };
		5725297F284F8FD400AC088A /* CheckViewController.swift in Sources */ = {isa = PBXBuildFile; fileRef = 5725297E284F8FD400AC088A /* CheckViewController.swift */; };
		572529812850A84F00AC088A /* Product.swift in Sources */ = {isa = PBXBuildFile; fileRef = 572529802850A84F00AC088A /* Product.swift */; };
		572529832850A95000AC088A /* Storage.swift in Sources */ = {isa = PBXBuildFile; fileRef = 572529822850A95000AC088A /* Storage.swift */; };
		572529852850AF1600AC088A /* MenuViewController.swift in Sources */ = {isa = PBXBuildFile; fileRef = 572529842850AF1600AC088A /* MenuViewController.swift */; };
		572529882850B05200AC088A /* ProductCell.swift in Sources */ = {isa = PBXBuildFile; fileRef = 572529872850B05200AC088A /* ProductCell.swift */; };
		577B26B9284DF2C2006852EE /* AppDelegate.swift in Sources */ = {isa = PBXBuildFile; fileRef = 577B26B8284DF2C2006852EE /* AppDelegate.swift */; };
		577B26BB284DF2C2006852EE /* SceneDelegate.swift in Sources */ = {isa = PBXBuildFile; fileRef = 577B26BA284DF2C2006852EE /* SceneDelegate.swift */; };
		577B26C2284DF2C3006852EE /* Assets.xcassets in Resources */ = {isa = PBXBuildFile; fileRef = 577B26C1284DF2C3006852EE /* Assets.xcassets */; };
		577B26C5284DF2C3006852EE /* LaunchScreen.storyboard in Resources */ = {isa = PBXBuildFile; fileRef = 577B26C3284DF2C3006852EE /* LaunchScreen.storyboard */; };
		577B26CE284DF95D006852EE /* LoginViewController.swift in Sources */ = {isa = PBXBuildFile; fileRef = 577B26CD284DF95D006852EE /* LoginViewController.swift */; };
/* End PBXBuildFile section */

/* Begin PBXFileReference section */
		5704840C2851FC22007C6BA3 /* CheckCell.swift */ = {isa = PBXFileReference; lastKnownFileType = sourcecode.swift; path = CheckCell.swift; sourceTree = "<group>"; };
		57252978284F6B3A00AC088A /* OrderViewController.swift */ = {isa = PBXFileReference; lastKnownFileType = sourcecode.swift; path = OrderViewController.swift; sourceTree = "<group>"; };
		5725297A284F752C00AC088A /* CodeGenerator.swift */ = {isa = PBXFileReference; lastKnownFileType = sourcecode.swift; path = CodeGenerator.swift; sourceTree = "<group>"; };
		5725297E284F8FD400AC088A /* CheckViewController.swift */ = {isa = PBXFileReference; lastKnownFileType = sourcecode.swift; path = CheckViewController.swift; sourceTree = "<group>"; };
		572529802850A84F00AC088A /* Product.swift */ = {isa = PBXFileReference; lastKnownFileType = sourcecode.swift; path = Product.swift; sourceTree = "<group>"; };
		572529822850A95000AC088A /* Storage.swift */ = {isa = PBXFileReference; lastKnownFileType = sourcecode.swift; path = Storage.swift; sourceTree = "<group>"; };
		572529842850AF1600AC088A /* MenuViewController.swift */ = {isa = PBXFileReference; lastKnownFileType = sourcecode.swift; path = MenuViewController.swift; sourceTree = "<group>"; };
		572529872850B05200AC088A /* ProductCell.swift */ = {isa = PBXFileReference; lastKnownFileType = sourcecode.swift; path = ProductCell.swift; sourceTree = "<group>"; };
		577B26B5284DF2C2006852EE /* 04 Tokyo Cafe.app */ = {isa = PBXFileReference; explicitFileType = wrapper.application; includeInIndex = 0; path = "04 Tokyo Cafe.app"; sourceTree = BUILT_PRODUCTS_DIR; };
		577B26B8284DF2C2006852EE /* AppDelegate.swift */ = {isa = PBXFileReference; lastKnownFileType = sourcecode.swift; path = AppDelegate.swift; sourceTree = "<group>"; };
		577B26BA284DF2C2006852EE /* SceneDelegate.swift */ = {isa = PBXFileReference; lastKnownFileType = sourcecode.swift; path = SceneDelegate.swift; sourceTree = "<group>"; };
		577B26C1284DF2C3006852EE /* Assets.xcassets */ = {isa = PBXFileReference; lastKnownFileType = folder.assetcatalog; path = Assets.xcassets; sourceTree = "<group>"; };
		577B26C4284DF2C3006852EE /* Base */ = {isa = PBXFileReference; lastKnownFileType = file.storyboard; name = Base; path = Base.lproj/LaunchScreen.storyboard; sourceTree = "<group>"; };
		577B26C6284DF2C3006852EE /* Info.plist */ = {isa = PBXFileReference; lastKnownFileType = text.plist.xml; path = Info.plist; sourceTree = "<group>"; };
		577B26CD284DF95D006852EE /* LoginViewController.swift */ = {isa = PBXFileReference; lastKnownFileType = sourcecode.swift; path = LoginViewController.swift; sourceTree = "<group>"; };
/* End PBXFileReference section */

/* Begin PBXFrameworksBuildPhase section */
		577B26B2284DF2C2006852EE /* Frameworks */ = {
			isa = PBXFrameworksBuildPhase;
			buildActionMask = 2147483647;
			files = (
			);
			runOnlyForDeploymentPostprocessing = 0;
		};
/* End PBXFrameworksBuildPhase section */

/* Begin PBXGroup section */
		5725297C284F77CC00AC088A /* Models */ = {
			isa = PBXGroup;
			children = (
				5725297A284F752C00AC088A /* CodeGenerator.swift */,
				572529802850A84F00AC088A /* Product.swift */,
				572529822850A95000AC088A /* Storage.swift */,
			);
			name = Models;
			sourceTree = "<group>";
		};
		5725297D284F77D800AC088A /* ViewControllers */ = {
			isa = PBXGroup;
			children = (
				577B26CD284DF95D006852EE /* LoginViewController.swift */,
				57252978284F6B3A00AC088A /* OrderViewController.swift */,
				572529842850AF1600AC088A /* MenuViewController.swift */,
				5725297E284F8FD400AC088A /* CheckViewController.swift */,
			);
			name = ViewControllers;
			sourceTree = "<group>";
		};
		572529862850B01D00AC088A /* TableViewCell */ = {
			isa = PBXGroup;
			children = (
				572529872850B05200AC088A /* ProductCell.swift */,
				5704840C2851FC22007C6BA3 /* CheckCell.swift */,
			);
			name = TableViewCell;
			sourceTree = "<group>";
		};
		577B26AC284DF2C2006852EE = {
			isa = PBXGroup;
			children = (
				577B26B7284DF2C2006852EE /* 04 Tokyo Cafe */,
				577B26B6284DF2C2006852EE /* Products */,
			);
			sourceTree = "<group>";
		};
		577B26B6284DF2C2006852EE /* Products */ = {
			isa = PBXGroup;
			children = (
				577B26B5284DF2C2006852EE /* 04 Tokyo Cafe.app */,
			);
			name = Products;
			sourceTree = "<group>";
		};
		577B26B7284DF2C2006852EE /* 04 Tokyo Cafe */ = {
			isa = PBXGroup;
			children = (
				577B26B8284DF2C2006852EE /* AppDelegate.swift */,
				577B26BA284DF2C2006852EE /* SceneDelegate.swift */,
				5725297C284F77CC00AC088A /* Models */,
				572529862850B01D00AC088A /* TableViewCell */,
				5725297D284F77D800AC088A /* ViewControllers */,
				577B26C1284DF2C3006852EE /* Assets.xcassets */,
				577B26C3284DF2C3006852EE /* LaunchScreen.storyboard */,
				577B26C6284DF2C3006852EE /* Info.plist */,
			);
			path = "04 Tokyo Cafe";
			sourceTree = "<group>";
		};
/* End PBXGroup section */

/* Begin PBXNativeTarget section */
		577B26B4284DF2C2006852EE /* 04 Tokyo Cafe */ = {
			isa = PBXNativeTarget;
			buildConfigurationList = 577B26C9284DF2C3006852EE /* Build configuration list for PBXNativeTarget "04 Tokyo Cafe" */;
			buildPhases = (
				577B26CC284DF339006852EE /* ShellScript */,
				577B26B1284DF2C2006852EE /* Sources */,
				577B26B2284DF2C2006852EE /* Frameworks */,
				577B26B3284DF2C2006852EE /* Resources */,
			);
			buildRules = (
			);
			dependencies = (
			);
			name = "04 Tokyo Cafe";
			productName = "04 Tokyo Cafe";
			productReference = 577B26B5284DF2C2006852EE /* 04 Tokyo Cafe.app */;
			productType = "com.apple.product-type.application";
		};
/* End PBXNativeTarget section */

/* Begin PBXProject section */
		577B26AD284DF2C2006852EE /* Project object */ = {
			isa = PBXProject;
			attributes = {
				BuildIndependentTargetsInParallel = 1;
				LastSwiftUpdateCheck = 1340;
				LastUpgradeCheck = 1340;
				TargetAttributes = {
					577B26B4284DF2C2006852EE = {
						CreatedOnToolsVersion = 13.4;
					};
				};
			};
			buildConfigurationList = 577B26B0284DF2C2006852EE /* Build configuration list for PBXProject "04 Tokyo Cafe" */;
			compatibilityVersion = "Xcode 13.0";
			developmentRegion = en;
			hasScannedForEncodings = 0;
			knownRegions = (
				en,
				Base,
			);
			mainGroup = 577B26AC284DF2C2006852EE;
			productRefGroup = 577B26B6284DF2C2006852EE /* Products */;
			projectDirPath = "";
			projectRoot = "";
			targets = (
				577B26B4284DF2C2006852EE /* 04 Tokyo Cafe */,
			);
		};
/* End PBXProject section */

/* Begin PBXResourcesBuildPhase section */
		577B26B3284DF2C2006852EE /* Resources */ = {
			isa = PBXResourcesBuildPhase;
			buildActionMask = 2147483647;
			files = (
				577B26C5284DF2C3006852EE /* LaunchScreen.storyboard in Resources */,
				577B26C2284DF2C3006852EE /* Assets.xcassets in Resources */,
			);
			runOnlyForDeploymentPostprocessing = 0;
		};
/* End PBXResourcesBuildPhase section */

/* Begin PBXShellScriptBuildPhase section */
		577B26CC284DF339006852EE /* ShellScript */ = {
			isa = PBXShellScriptBuildPhase;
			buildActionMask = 2147483647;
			files = (
			);
			inputFileListPaths = (
			);
			inputPaths = (
			);
			outputFileListPaths = (
			);
			outputPaths = (
			);
			runOnlyForDeploymentPostprocessing = 0;
			shellPath = /bin/sh;
			shellScript = "export PATH=\"$PATH:/opt/homebrew/bin\"\nif which swiftlint > /dev/null; then\n  swiftlint\nelse\n  echo \"warning: SwiftLint not installed, download from https://github.com/realm/SwiftLint\"\nfi\n";
		};
/* End PBXShellScriptBuildPhase section */

/* Begin PBXSourcesBuildPhase section */
		577B26B1284DF2C2006852EE /* Sources */ = {
			isa = PBXSourcesBuildPhase;
			buildActionMask = 2147483647;
			files = (
				57252979284F6B3A00AC088A /* OrderViewController.swift in Sources */,
				577B26CE284DF95D006852EE /* LoginViewController.swift in Sources */,
				5725297B284F752C00AC088A /* CodeGenerator.swift in Sources */,
				5725297F284F8FD400AC088A /* CheckViewController.swift in Sources */,
				577B26B9284DF2C2006852EE /* AppDelegate.swift in Sources */,
				572529852850AF1600AC088A /* MenuViewController.swift in Sources */,
				572529832850A95000AC088A /* Storage.swift in Sources */,
				5704840D2851FC22007C6BA3 /* CheckCell.swift in Sources */,
				572529882850B05200AC088A /* ProductCell.swift in Sources */,
				577B26BB284DF2C2006852EE /* SceneDelegate.swift in Sources */,
				572529812850A84F00AC088A /* Product.swift in Sources */,
			);
			runOnlyForDeploymentPostprocessing = 0;
		};
/* End PBXSourcesBuildPhase section */

/* Begin PBXVariantGroup section */
		577B26C3284DF2C3006852EE /* LaunchScreen.storyboard */ = {
			isa = PBXVariantGroup;
			children = (
				577B26C4284DF2C3006852EE /* Base */,
			);
			name = LaunchScreen.storyboard;
			sourceTree = "<group>";
		};
/* End PBXVariantGroup section */

/* Begin XCBuildConfiguration section */
		577B26C7284DF2C3006852EE /* Debug */ = {
			isa = XCBuildConfiguration;
			buildSettings = {
				ALWAYS_SEARCH_USER_PATHS = NO;
				CLANG_ANALYZER_NONNULL = YES;
				CLANG_ANALYZER_NUMBER_OBJECT_CONVERSION = YES_AGGRESSIVE;
				CLANG_CXX_LANGUAGE_STANDARD = "gnu++17";
				CLANG_ENABLE_MODULES = YES;
				CLANG_ENABLE_OBJC_ARC = YES;
				CLANG_ENABLE_OBJC_WEAK = YES;
				CLANG_WARN_BLOCK_CAPTURE_AUTORELEASING = YES;
				CLANG_WARN_BOOL_CONVERSION = YES;
				CLANG_WARN_COMMA = YES;
				CLANG_WARN_CONSTANT_CONVERSION = YES;
				CLANG_WARN_DEPRECATED_OBJC_IMPLEMENTATIONS = YES;
				CLANG_WARN_DIRECT_OBJC_ISA_USAGE = YES_ERROR;
				CLANG_WARN_DOCUMENTATION_COMMENTS = YES;
				CLANG_WARN_EMPTY_BODY = YES;
				CLANG_WARN_ENUM_CONVERSION = YES;
				CLANG_WARN_INFINITE_RECURSION = YES;
				CLANG_WARN_INT_CONVERSION = YES;
				CLANG_WARN_NON_LITERAL_NULL_CONVERSION = YES;
				CLANG_WARN_OBJC_IMPLICIT_RETAIN_SELF = YES;
				CLANG_WARN_OBJC_LITERAL_CONVERSION = YES;
				CLANG_WARN_OBJC_ROOT_CLASS = YES_ERROR;
				CLANG_WARN_QUOTED_INCLUDE_IN_FRAMEWORK_HEADER = YES;
				CLANG_WARN_RANGE_LOOP_ANALYSIS = YES;
				CLANG_WARN_STRICT_PROTOTYPES = YES;
				CLANG_WARN_SUSPICIOUS_MOVE = YES;
				CLANG_WARN_UNGUARDED_AVAILABILITY = YES_AGGRESSIVE;
				CLANG_WARN_UNREACHABLE_CODE = YES;
				CLANG_WARN__DUPLICATE_METHOD_MATCH = YES;
				COPY_PHASE_STRIP = NO;
				DEBUG_INFORMATION_FORMAT = dwarf;
				ENABLE_STRICT_OBJC_MSGSEND = YES;
				ENABLE_TESTABILITY = YES;
				GCC_C_LANGUAGE_STANDARD = gnu11;
				GCC_DYNAMIC_NO_PIC = NO;
				GCC_NO_COMMON_BLOCKS = YES;
				GCC_OPTIMIZATION_LEVEL = 0;
				GCC_PREPROCESSOR_DEFINITIONS = (
					"DEBUG=1",
					"$(inherited)",
				);
				GCC_WARN_64_TO_32_BIT_CONVERSION = YES;
				GCC_WARN_ABOUT_RETURN_TYPE = YES_ERROR;
				GCC_WARN_UNDECLARED_SELECTOR = YES;
				GCC_WARN_UNINITIALIZED_AUTOS = YES_AGGRESSIVE;
				GCC_WARN_UNUSED_FUNCTION = YES;
				GCC_WARN_UNUSED_VARIABLE = YES;
				IPHONEOS_DEPLOYMENT_TARGET = 15.5;
				MTL_ENABLE_DEBUG_INFO = INCLUDE_SOURCE;
				MTL_FAST_MATH = YES;
				ONLY_ACTIVE_ARCH = YES;
				SDKROOT = iphoneos;
				SWIFT_ACTIVE_COMPILATION_CONDITIONS = DEBUG;
				SWIFT_OPTIMIZATION_LEVEL = "-Onone";
			};
			name = Debug;
		};
		577B26C8284DF2C3006852EE /* Release */ = {
			isa = XCBuildConfiguration;
			buildSettings = {
				ALWAYS_SEARCH_USER_PATHS = NO;
				CLANG_ANALYZER_NONNULL = YES;
				CLANG_ANALYZER_NUMBER_OBJECT_CONVERSION = YES_AGGRESSIVE;
				CLANG_CXX_LANGUAGE_STANDARD = "gnu++17";
				CLANG_ENABLE_MODULES = YES;
				CLANG_ENABLE_OBJC_ARC = YES;
				CLANG_ENABLE_OBJC_WEAK = YES;
				CLANG_WARN_BLOCK_CAPTURE_AUTORELEASING = YES;
				CLANG_WARN_BOOL_CONVERSION = YES;
				CLANG_WARN_COMMA = YES;
				CLANG_WARN_CONSTANT_CONVERSION = YES;
				CLANG_WARN_DEPRECATED_OBJC_IMPLEMENTATIONS = YES;
				CLANG_WARN_DIRECT_OBJC_ISA_USAGE = YES_ERROR;
				CLANG_WARN_DOCUMENTATION_COMMENTS = YES;
				CLANG_WARN_EMPTY_BODY = YES;
				CLANG_WARN_ENUM_CONVERSION = YES;
				CLANG_WARN_INFINITE_RECURSION = YES;
				CLANG_WARN_INT_CONVERSION = YES;
				CLANG_WARN_NON_LITERAL_NULL_CONVERSION = YES;
				CLANG_WARN_OBJC_IMPLICIT_RETAIN_SELF = YES;
				CLANG_WARN_OBJC_LITERAL_CONVERSION = YES;
				CLANG_WARN_OBJC_ROOT_CLASS = YES_ERROR;
				CLANG_WARN_QUOTED_INCLUDE_IN_FRAMEWORK_HEADER = YES;
				CLANG_WARN_RANGE_LOOP_ANALYSIS = YES;
				CLANG_WARN_STRICT_PROTOTYPES = YES;
				CLANG_WARN_SUSPICIOUS_MOVE = YES;
				CLANG_WARN_UNGUARDED_AVAILABILITY = YES_AGGRESSIVE;
				CLANG_WARN_UNREACHABLE_CODE = YES;
				CLANG_WARN__DUPLICATE_METHOD_MATCH = YES;
				COPY_PHASE_STRIP = NO;
				DEBUG_INFORMATION_FORMAT = "dwarf-with-dsym";
				ENABLE_NS_ASSERTIONS = NO;
				ENABLE_STRICT_OBJC_MSGSEND = YES;
				GCC_C_LANGUAGE_STANDARD = gnu11;
				GCC_NO_COMMON_BLOCKS = YES;
				GCC_WARN_64_TO_32_BIT_CONVERSION = YES;
				GCC_WARN_ABOUT_RETURN_TYPE = YES_ERROR;
				GCC_WARN_UNDECLARED_SELECTOR = YES;
				GCC_WARN_UNINITIALIZED_AUTOS = YES_AGGRESSIVE;
				GCC_WARN_UNUSED_FUNCTION = YES;
				GCC_WARN_UNUSED_VARIABLE = YES;
				IPHONEOS_DEPLOYMENT_TARGET = 15.5;
				MTL_ENABLE_DEBUG_INFO = NO;
				MTL_FAST_MATH = YES;
				SDKROOT = iphoneos;
				SWIFT_COMPILATION_MODE = wholemodule;
				SWIFT_OPTIMIZATION_LEVEL = "-O";
				VALIDATE_PRODUCT = YES;
			};
			name = Release;
		};
		577B26CA284DF2C3006852EE /* Debug */ = {
			isa = XCBuildConfiguration;
			buildSettings = {
				ASSETCATALOG_COMPILER_APPICON_NAME = AppIcon;
				ASSETCATALOG_COMPILER_GLOBAL_ACCENT_COLOR_NAME = AccentColor;
				CODE_SIGN_STYLE = Automatic;
				CURRENT_PROJECT_VERSION = 1;
				DEVELOPMENT_TEAM = P3BYVBK57Z;
				GENERATE_INFOPLIST_FILE = YES;
				INFOPLIST_FILE = "04 Tokyo Cafe/Info.plist";
				INFOPLIST_KEY_CFBundleDisplayName = "Tokyo Cafe";
				INFOPLIST_KEY_UIApplicationSupportsIndirectInputEvents = YES;
				INFOPLIST_KEY_UILaunchStoryboardName = LaunchScreen;
				INFOPLIST_KEY_UISupportedInterfaceOrientations = UIInterfaceOrientationPortrait;
				LD_RUNPATH_SEARCH_PATHS = (
					"$(inherited)",
					"@executable_path/Frameworks",
				);
				MARKETING_VERSION = 1.0;
				PRODUCT_BUNDLE_IDENTIFIER = "ios.biiak.-4-Tokyo-Cafe";
				PRODUCT_NAME = "$(TARGET_NAME)";
				SWIFT_EMIT_LOC_STRINGS = YES;
				SWIFT_VERSION = 5.0;
				TARGETED_DEVICE_FAMILY = "1,2";
			};
			name = Debug;
		};
		577B26CB284DF2C3006852EE /* Release */ = {
			isa = XCBuildConfiguration;
			buildSettings = {
				ASSETCATALOG_COMPILER_APPICON_NAME = AppIcon;
				ASSETCATALOG_COMPILER_GLOBAL_ACCENT_COLOR_NAME = AccentColor;
				CODE_SIGN_STYLE = Automatic;
				CURRENT_PROJECT_VERSION = 1;
				DEVELOPMENT_TEAM = P3BYVBK57Z;
				GENERATE_INFOPLIST_FILE = YES;
				INFOPLIST_FILE = "04 Tokyo Cafe/Info.plist";
				INFOPLIST_KEY_CFBundleDisplayName = "Tokyo Cafe";
				INFOPLIST_KEY_UIApplicationSupportsIndirectInputEvents = YES;
				INFOPLIST_KEY_UILaunchStoryboardName = LaunchScreen;
				INFOPLIST_KEY_UISupportedInterfaceOrientations = UIInterfaceOrientationPortrait;
				LD_RUNPATH_SEARCH_PATHS = (
					"$(inherited)",
					"@executable_path/Frameworks",
				);
				MARKETING_VERSION = 1.0;
				PRODUCT_BUNDLE_IDENTIFIER = "ios.biiak.-4-Tokyo-Cafe";
				PRODUCT_NAME = "$(TARGET_NAME)";
				SWIFT_EMIT_LOC_STRINGS = YES;
				SWIFT_VERSION = 5.0;
				TARGETED_DEVICE_FAMILY = "1,2";
			};
			name = Release;
		};
/* End XCBuildConfiguration section */

/* Begin XCConfigurationList section */
		577B26B0284DF2C2006852EE /* Build configuration list for PBXProject "04 Tokyo Cafe" */ = {
			isa = XCConfigurationList;
			buildConfigurations = (
				577B26C7284DF2C3006852EE /* Debug */,
				577B26C8284DF2C3006852EE /* Release */,
			);
			defaultConfigurationIsVisible = 0;
			defaultConfigurationName = Release;
		};
		577B26C9284DF2C3006852EE /* Build configuration list for PBXNativeTarget "04 Tokyo Cafe" */ = {
			isa = XCConfigurationList;
			buildConfigurations = (
				577B26CA284DF2C3006852EE /* Debug */,
				577B26CB284DF2C3006852EE /* Release */,
			);
			defaultConfigurationIsVisible = 0;
			defaultConfigurationName = Release;
		};
/* End XCConfigurationList section */
	};
	rootObject = 577B26AD284DF2C2006852EE /* Project object */;
}
